
Microsoft Visual Studio Solution File, Format Version 12.00
# Visual Studio Version 17
VisualStudioVersion = 17.6.33723.286
MinimumVisualStudioVersion = 10.0.40219.1
Project("{FAE04EC0-301F-11D3-BF4B-00C04F79EFBC}") = "APIRest_ControlPrestamoLibros.API", "APIRest_ControlPrestamoLibros.API\APIRest_ControlPrestamoLibros.API.csproj", "{F3665E5E-39A0-4AAF-BC02-97CECC4860E3}"
EndProject
Project("{FAE04EC0-301F-11D3-BF4B-00C04F79EFBC}") = "APIRest_ControlPrestamoLibros.TEST", "APIRest_ControlPrestamoLibros.TEST\APIRest_ControlPrestamoLibros.TEST.csproj", "{AA999E4D-9D0B-45B3-8DD4-96C607C0E634}"
EndProject
Global
	GlobalSection(SolutionConfigurationPlatforms) = preSolution
		Debug|Any CPU = Debug|Any CPU
		Release|Any CPU = Release|Any CPU
	EndGlobalSection
	GlobalSection(ProjectConfigurationPlatforms) = postSolution
		{F3665E5E-39A0-4AAF-BC02-97CECC4860E3}.Debug|Any CPU.ActiveCfg = Debug|Any CPU
		{F3665E5E-39A0-4AAF-BC02-97CECC4860E3}.Debug|Any CPU.Build.0 = Debug|Any CPU
		{F3665E5E-39A0-4AAF-BC02-97CECC4860E3}.Release|Any CPU.ActiveCfg = Release|Any CPU
		{F3665E5E-39A0-4AAF-BC02-97CECC4860E3}.Release|Any CPU.Build.0 = Release|Any CPU
		{AA999E4D-9D0B-45B3-8DD4-96C607C0E634}.Debug|Any CPU.ActiveCfg = Debug|Any CPU
		{AA999E4D-9D0B-45B3-8DD4-96C607C0E634}.Debug|Any CPU.Build.0 = Debug|Any CPU
		{AA999E4D-9D0B-45B3-8DD4-96C607C0E634}.Release|Any CPU.ActiveCfg = Release|Any CPU
		{AA999E4D-9D0B-45B3-8DD4-96C607C0E634}.Release|Any CPU.Build.0 = Release|Any CPU
	EndGlobalSection
	GlobalSection(SolutionProperties) = preSolution
		HideSolutionNode = FALSE
	EndGlobalSection
	GlobalSection(ExtensibilityGlobals) = postSolution
		SolutionGuid = {6344A9AB-8601-4581-9122-A10BEFC891A9}
	EndGlobalSection
EndGlobal
